
Microsoft Visual Studio Solution File, Format Version 12.00
# Visual Studio Version 16
VisualStudioVersion = 16.0.30804.86
MinimumVisualStudioVersion = 10.0.40219.1
Project("{FAE04EC0-301F-11D3-BF4B-00C04F79EFBC}") = "ApiPrueba", "ApiPrueba\ApiPrueba.csproj", "{753105BB-86A1-42EB-8992-0382E3FAA4AE}"
EndProject
Global
	GlobalSection(SolutionConfigurationPlatforms) = preSolution
		Debug|Any CPU = Debug|Any CPU
		Release|Any CPU = Release|Any CPU
	EndGlobalSection
	GlobalSection(ProjectConfigurationPlatforms) = postSolution
		{753105BB-86A1-42EB-8992-0382E3FAA4AE}.Debug|Any CPU.ActiveCfg = Debug|Any CPU
		{753105BB-86A1-42EB-8992-0382E3FAA4AE}.Debug|Any CPU.Build.0 = Debug|Any CPU
		{753105BB-86A1-42EB-8992-0382E3FAA4AE}.Release|Any CPU.ActiveCfg = Release|Any CPU
		{753105BB-86A1-42EB-8992-0382E3FAA4AE}.Release|Any CPU.Build.0 = Release|Any CPU
	EndGlobalSection
	GlobalSection(SolutionProperties) = preSolution
		HideSolutionNode = FALSE
	EndGlobalSection
	GlobalSection(ExtensibilityGlobals) = postSolution
		SolutionGuid = {E2493FCB-1093-44BE-8ACB-14E342F4B6BA}
	EndGlobalSection
EndGlobal
